
Microsoft Visual Studio Solution File, Format Version 12.00
# Visual Studio 15
VisualStudioVersion = 15.0.28307.779
MinimumVisualStudioVersion = 10.0.40219.1
Project("{FAE04EC0-301F-11D3-BF4B-00C04F79EFBC}") = "WorkersScheduler", "WorkersScheduler\WorkersScheduler.csproj", "{31FB6454-85BB-4597-88A5-B9D548AFBCA9}"
EndProject
Global
	GlobalSection(SolutionConfigurationPlatforms) = preSolution
		Debug|Any CPU = Debug|Any CPU
		Release|Any CPU = Release|Any CPU
	EndGlobalSection
	GlobalSection(ProjectConfigurationPlatforms) = postSolution
		{31FB6454-85BB-4597-88A5-B9D548AFBCA9}.Debug|Any CPU.ActiveCfg = Debug|Any CPU
		{31FB6454-85BB-4597-88A5-B9D548AFBCA9}.Debug|Any CPU.Build.0 = Debug|Any CPU
		{31FB6454-85BB-4597-88A5-B9D548AFBCA9}.Release|Any CPU.ActiveCfg = Release|Any CPU
		{31FB6454-85BB-4597-88A5-B9D548AFBCA9}.Release|Any CPU.Build.0 = Release|Any CPU
	EndGlobalSection
	GlobalSection(SolutionProperties) = preSolution
		HideSolutionNode = FALSE
	EndGlobalSection
	GlobalSection(ExtensibilityGlobals) = postSolution
		SolutionGuid = {0F2E113F-CE49-4594-B011-37AF9E9F3E01}
	EndGlobalSection
EndGlobal
